PODS:
  - Alamofire (4.9.1)
  - AlamofireObjectMapper (5.2.1):
    - Alamofire (~> 4.7)
    - ObjectMapper (~> 3.4)
  - GoogleMaps (3.6.0):
    - GoogleMaps/Maps (= 3.6.0)
  - GoogleMaps/Base (3.6.0)
  - GoogleMaps/Maps (3.6.0):
    - GoogleMaps/Base
  - moa (12.0.0)
  - ObjectMapper (3.5.1)

DEPENDENCIES:
  - Alamofire (~> 4.7)
  - AlamofireObjectMapper (~> 5.2.1)
  - GoogleMaps
  - moa
  - ObjectMapper (~> 3.4)

SPEC REPOS:
  trunk:
    - Alamofire
    - AlamofireObjectMapper
    - GoogleMaps
    - moa
    - ObjectMapper

SPEC CHECKSUMS:
  Alamofire: 85e8a02c69d6020a0d734f6054870d7ecb75cf18
  AlamofireObjectMapper: 1989f690e982b71921b9253f53a4f33a9bc00d88
  GoogleMaps: 82f8fe307193bb4de6ef6bf9e88f1d624b718f9d
  moa: e2346f12de6c65bbca4d103950d45db9e46785ef
  ObjectMapper: 70187b8941977c62ccfb423caf6b50be405cabf0

PODFILE CHECKSUM: be83a27255f89c2b44f15ddf7b22e64a648edce0

COCOAPODS: 1.8.4
